{
    "_readme": [
        "This file locks the dependencies of your project to a known state",
        "Read more about it at https://getcomposer.org/doc/01-basic-usage.md#composer-lock-the-lock-file",
        "This file is @generated automatically"
    ],
    "content-hash": "f0ad04d3bc815f3b48ec6f211e93d2a2",
    "packages": [
        {
            "name": "liquid/liquid",
            "version": "1.4.12",
            "source": {
                "type": "git",
                "url": "git@github.com:kalimatas/php-liquid.git",
                "reference": "ce53ad8318dae9b5acab8b849659a240a4b98dca"
            },
            "dist": {
                "type": "zip",
                "url": "https://api.github.com/repos/kalimatas/php-liquid/zipball/ce53ad8318dae9b5acab8b849659a240a4b98dca",
                "reference": "ce53ad8318dae9b5acab8b849659a240a4b98dca",
                "shasum": ""
            },
            "require": {
                "php": ">= 7"
            },
            "require-dev": {
                "friendsofphp/php-cs-fixer": "^2.6",
                "infection/infection": "^0.8.1",
                "phpunit/phpunit": "<6",
                "satooshi/php-coveralls": "^1.0"
            },
            "type": "library",
            "extra": {
                "branch-alias": {
                    "dev-master": "1.x-dev"
                }
            },
            "autoload": {
                "psr-4": {
                    "Liquid\\": "src/Liquid"
                }
            },
            "notification-url": "https://packagist.org/downloads/",
            "license": [
                "MIT"
            ],
            "authors": [
                {
                    "name": "Guz Alexander",
                    "email": "kalimatas@gmail.com",
                    "homepage": "http://guzalexander.com"
                },
                {
                    "name": "Harald Hanek"
                },
                {
                    "name": "Mateo Murphy"
                },
                {
                    "name": "Alexey Kopytko",
                    "email": "alexey@kopytko.com",
                    "homepage": "https://www.alexeykopytko.com/"
                }
            ],
            "description": "Liquid template engine for PHP",
            "homepage": "https://github.com/kalimatas/php-liquid",
            "keywords": [
                "liquid",
                "template"
            ],
            "time": "2019-02-11T07:53:25+00:00"
        }
    ],
    "packages-dev": [],
    "aliases": [],
    "minimum-stability": "stable",
    "stability-flags": [],
    "prefer-stable": false,
    "prefer-lowest": false,
    "platform": {
        "php": ">= 5.3"
    },
    "platform-dev": []
}
